
Microsoft Visual Studio Solution File, Format Version 12.00
# Visual Studio Version 17
VisualStudioVersion = 17.14.36401.2
MinimumVisualStudioVersion = 10.0.40219.1
Project("{FAE04EC0-301F-11D3-BF4B-00C04F79EFBC}") = "001", "001\001.csproj", "{9A691F39-5186-4610-87B1-2517687816BD}"
EndProject
Project("{FAE04EC0-301F-11D3-BF4B-00C04F79EFBC}") = "002", "002\002.csproj", "{B1C14355-FDEA-4569-81C7-20FAD4F2C257}"
EndProject
Project("{FAE04EC0-301F-11D3-BF4B-00C04F79EFBC}") = "003", "003\003.csproj", "{FB139EFB-731D-4205-9E05-344D5786F080}"
EndProject
Project("{FAE04EC0-301F-11D3-BF4B-00C04F79EFBC}") = "004", "004\004.csproj", "{FF6AC661-2A93-4BD0-82AE-904063DD524C}"
EndProject
Project("{FAE04EC0-301F-11D3-BF4B-00C04F79EFBC}") = "005", "005\005.csproj", "{73CD32CD-DFA6-4FD6-AC92-969BA46BA81A}"
EndProject
Project("{FAE04EC0-301F-11D3-BF4B-00C04F79EFBC}") = "006", "006\006.csproj", "{5565BB3E-E3CC-45DB-9C34-0C377E0B7815}"
EndProject
Project("{FAE04EC0-301F-11D3-BF4B-00C04F79EFBC}") = "007", "007\007.csproj", "{5588C570-6036-4F33-8651-EF9CA4FD9A59}"
EndProject
Project("{FAE04EC0-301F-11D3-BF4B-00C04F79EFBC}") = "008", "008\008.csproj", "{B9486B38-D337-4174-BB7B-B8140BFB7152}"
EndProject
Project("{FAE04EC0-301F-11D3-BF4B-00C04F79EFBC}") = "009", "009\009.csproj", "{FBEA9FAD-B030-4747-8951-AAAA0C4D38CB}"
EndProject
Project("{FAE04EC0-301F-11D3-BF4B-00C04F79EFBC}") = "010", "010\010.csproj", "{AD248946-4C0E-4D04-9864-BA1B279556A0}"
EndProject
Project("{FAE04EC0-301F-11D3-BF4B-00C04F79EFBC}") = "011", "011\011.csproj", "{EF1C3DE5-8A20-4CD9-9B6A-0393C7926C4D}"
EndProject
Project("{FAE04EC0-301F-11D3-BF4B-00C04F79EFBC}") = "012", "012\012.csproj", "{8D406080-47EA-46BC-A8A3-E3FAA64CF795}"
EndProject
Global
	GlobalSection(SolutionConfigurationPlatforms) = preSolution
		Debug|Any CPU = Debug|Any CPU
		Release|Any CPU = Release|Any CPU
	EndGlobalSection
	GlobalSection(ProjectConfigurationPlatforms) = postSolution
		{9A691F39-5186-4610-87B1-2517687816BD}.Debug|Any CPU.ActiveCfg = Debug|Any CPU
		{9A691F39-5186-4610-87B1-2517687816BD}.Debug|Any CPU.Build.0 = Debug|Any CPU
		{9A691F39-5186-4610-87B1-2517687816BD}.Release|Any CPU.ActiveCfg = Release|Any CPU
		{9A691F39-5186-4610-87B1-2517687816BD}.Release|Any CPU.Build.0 = Release|Any CPU
		{B1C14355-FDEA-4569-81C7-20FAD4F2C257}.Debug|Any CPU.ActiveCfg = Debug|Any CPU
		{B1C14355-FDEA-4569-81C7-20FAD4F2C257}.Debug|Any CPU.Build.0 = Debug|Any CPU
		{B1C14355-FDEA-4569-81C7-20FAD4F2C257}.Release|Any CPU.ActiveCfg = Release|Any CPU
		{B1C14355-FDEA-4569-81C7-20FAD4F2C257}.Release|Any CPU.Build.0 = Release|Any CPU
		{FB139EFB-731D-4205-9E05-344D5786F080}.Debug|Any CPU.ActiveCfg = Debug|Any CPU
		{FB139EFB-731D-4205-9E05-344D5786F080}.Debug|Any CPU.Build.0 = Debug|Any CPU
		{FB139EFB-731D-4205-9E05-344D5786F080}.Release|Any CPU.ActiveCfg = Release|Any CPU
		{FB139EFB-731D-4205-9E05-344D5786F080}.Release|Any CPU.Build.0 = Release|Any CPU
		{FF6AC661-2A93-4BD0-82AE-904063DD524C}.Debug|Any CPU.ActiveCfg = Debug|Any CPU
		{FF6AC661-2A93-4BD0-82AE-904063DD524C}.Debug|Any CPU.Build.0 = Debug|Any CPU
		{FF6AC661-2A93-4BD0-82AE-904063DD524C}.Release|Any CPU.ActiveCfg = Release|Any CPU
		{FF6AC661-2A93-4BD0-82AE-904063DD524C}.Release|Any CPU.Build.0 = Release|Any CPU
		{73CD32CD-DFA6-4FD6-AC92-969BA46BA81A}.Debug|Any CPU.ActiveCfg = Debug|Any CPU
		{73CD32CD-DFA6-4FD6-AC92-969BA46BA81A}.Debug|Any CPU.Build.0 = Debug|Any CPU
		{73CD32CD-DFA6-4FD6-AC92-969BA46BA81A}.Release|Any CPU.ActiveCfg = Release|Any CPU
		{73CD32CD-DFA6-4FD6-AC92-969BA46BA81A}.Release|Any CPU.Build.0 = Release|Any CPU
		{5565BB3E-E3CC-45DB-9C34-0C377E0B7815}.Debug|Any CPU.ActiveCfg = Debug|Any CPU
		{5565BB3E-E3CC-45DB-9C34-0C377E0B7815}.Debug|Any CPU.Build.0 = Debug|Any CPU
		{5565BB3E-E3CC-45DB-9C34-0C377E0B7815}.Release|Any CPU.ActiveCfg = Release|Any CPU
		{5565BB3E-E3CC-45DB-9C34-0C377E0B7815}.Release|Any CPU.Build.0 = Release|Any CPU
		{5588C570-6036-4F33-8651-EF9CA4FD9A59}.Debug|Any CPU.ActiveCfg = Debug|Any CPU
		{5588C570-6036-4F33-8651-EF9CA4FD9A59}.Debug|Any CPU.Build.0 = Debug|Any CPU
		{5588C570-6036-4F33-8651-EF9CA4FD9A59}.Release|Any CPU.ActiveCfg = Release|Any CPU
		{5588C570-6036-4F33-8651-EF9CA4FD9A59}.Release|Any CPU.Build.0 = Release|Any CPU
		{B9486B38-D337-4174-BB7B-B8140BFB7152}.Debug|Any CPU.ActiveCfg = Debug|Any CPU
		{B9486B38-D337-4174-BB7B-B8140BFB7152}.Debug|Any CPU.Build.0 = Debug|Any CPU
		{B9486B38-D337-4174-BB7B-B8140BFB7152}.Release|Any CPU.ActiveCfg = Release|Any CPU
		{B9486B38-D337-4174-BB7B-B8140BFB7152}.Release|Any CPU.Build.0 = Release|Any CPU
		{FBEA9FAD-B030-4747-8951-AAAA0C4D38CB}.Debug|Any CPU.ActiveCfg = Debug|Any CPU
		{FBEA9FAD-B030-4747-8951-AAAA0C4D38CB}.Debug|Any CPU.Build.0 = Debug|Any CPU
		{FBEA9FAD-B030-4747-8951-AAAA0C4D38CB}.Release|Any CPU.ActiveCfg = Release|Any CPU
		{FBEA9FAD-B030-4747-8951-AAAA0C4D38CB}.Release|Any CPU.Build.0 = Release|Any CPU
		{AD248946-4C0E-4D04-9864-BA1B279556A0}.Debug|Any CPU.ActiveCfg = Debug|Any CPU
		{AD248946-4C0E-4D04-9864-BA1B279556A0}.Debug|Any CPU.Build.0 = Debug|Any CPU
		{AD248946-4C0E-4D04-9864-BA1B279556A0}.Release|Any CPU.ActiveCfg = Release|Any CPU
		{AD248946-4C0E-4D04-9864-BA1B279556A0}.Release|Any CPU.Build.0 = Release|Any CPU
		{EF1C3DE5-8A20-4CD9-9B6A-0393C7926C4D}.Debug|Any CPU.ActiveCfg = Debug|Any CPU
		{EF1C3DE5-8A20-4CD9-9B6A-0393C7926C4D}.Debug|Any CPU.Build.0 = Debug|Any CPU
		{EF1C3DE5-8A20-4CD9-9B6A-0393C7926C4D}.Release|Any CPU.ActiveCfg = Release|Any CPU
		{EF1C3DE5-8A20-4CD9-9B6A-0393C7926C4D}.Release|Any CPU.Build.0 = Release|Any CPU
		{8D406080-47EA-46BC-A8A3-E3FAA64CF795}.Debug|Any CPU.ActiveCfg = Debug|Any CPU
		{8D406080-47EA-46BC-A8A3-E3FAA64CF795}.Debug|Any CPU.Build.0 = Debug|Any CPU
		{8D406080-47EA-46BC-A8A3-E3FAA64CF795}.Release|Any CPU.ActiveCfg = Release|Any CPU
		{8D406080-47EA-46BC-A8A3-E3FAA64CF795}.Release|Any CPU.Build.0 = Release|Any CPU
	EndGlobalSection
	GlobalSection(SolutionProperties) = preSolution
		HideSolutionNode = FALSE
	EndGlobalSection
	GlobalSection(ExtensibilityGlobals) = postSolution
		SolutionGuid = {C74D4587-49B1-4A55-998D-EDCBAF99EC0A}
	EndGlobalSection
EndGlobal
